
Microsoft Visual Studio Solution File, Format Version 12.00
# Visual Studio Version 17
VisualStudioVersion = 17.12.35424.110 d17.12
MinimumVisualStudioVersion = 10.0.40219.1
Project("{FAE04EC0-301F-11D3-BF4B-00C04F79EFBC}") = "picplay", "picplay\picplay.csproj", "{F032E5C6-797C-4EEC-8E26-1E85B0AB7C89}"
EndProject
Global
	GlobalSection(SolutionConfigurationPlatforms) = preSolution
		Debug|Any CPU = Debug|Any CPU
		Release|Any CPU = Release|Any CPU
	EndGlobalSection
	GlobalSection(ProjectConfigurationPlatforms) = postSolution
		{F032E5C6-797C-4EEC-8E26-1E85B0AB7C89}.Debug|Any CPU.ActiveCfg = Debug|Any CPU
		{F032E5C6-797C-4EEC-8E26-1E85B0AB7C89}.Debug|Any CPU.Build.0 = Debug|Any CPU
		{F032E5C6-797C-4EEC-8E26-1E85B0AB7C89}.Release|Any CPU.ActiveCfg = Release|Any CPU
		{F032E5C6-797C-4EEC-8E26-1E85B0AB7C89}.Release|Any CPU.Build.0 = Release|Any CPU
	EndGlobalSection
	GlobalSection(SolutionProperties) = preSolution
		HideSolutionNode = FALSE
	EndGlobalSection
EndGlobal
